
Microsoft Visual Studio Solution File, Format Version 12.00
# Visual Studio 15
VisualStudioVersion = 15.0.27924.0
MinimumVisualStudioVersion = 10.0.40219.1
Project("{FAE04EC0-301F-11D3-BF4B-00C04F79EFBC}") = "StrikesRepository", "StrikesRepository\StrikesRepository.csproj", "{4E731264-E9AB-477C-84E2-66D3738599A9}"
EndProject
Project("{FAE04EC0-301F-11D3-BF4B-00C04F79EFBC}") = "StrikesLibrary", "StrikesLibrary\StrikesLibrary.csproj", "{94987DBF-1824-4739-89CB-D3072FF21BEB}"
EndProject
Project("{FAE04EC0-301F-11D3-BF4B-00C04F79EFBC}") = "DatabaseSeed", "DatabaseSeed\DatabaseSeed.csproj", "{894A6104-2DC4-479C-96DF-0FA0E502969D}"
EndProject
Project("{FAE04EC0-301F-11D3-BF4B-00C04F79EFBC}") = "ProtectedStrikes", "ProtectedStrikes\ProtectedStrikes.csproj", "{4C11CF40-D4CC-4A78-90FF-8470DF99FE57}"
EndProject
Project("{FAE04EC0-301F-11D3-BF4B-00C04F79EFBC}") = "StrikesLibrary.Test", "StrikesLibrary.Test\StrikesLibrary.Test.csproj", "{16059847-0D3C-4FDA-9FC2-559200F92A08}"
EndProject
Project("{FAE04EC0-301F-11D3-BF4B-00C04F79EFBC}") = "StrikesIntegration.Test", "StrikesIntegration.Test\StrikesIntegration.Test.csproj", "{60BBC32E-705E-4CEE-B75D-7FDA23A1E250}"
EndProject
Project("{FAE04EC0-301F-11D3-BF4B-00C04F79EFBC}") = "DIBindings", "DIBindings\DIBindings.csproj", "{F10783AE-BE5E-4B0A-9F18-52C971AF375E}"
EndProject
Global
	GlobalSection(SolutionConfigurationPlatforms) = preSolution
		Debug|Any CPU = Debug|Any CPU
		Release|Any CPU = Release|Any CPU
	EndGlobalSection
	GlobalSection(ProjectConfigurationPlatforms) = postSolution
		{4E731264-E9AB-477C-84E2-66D3738599A9}.Debug|Any CPU.ActiveCfg = Debug|Any CPU
		{4E731264-E9AB-477C-84E2-66D3738599A9}.Debug|Any CPU.Build.0 = Debug|Any CPU
		{4E731264-E9AB-477C-84E2-66D3738599A9}.Release|Any CPU.ActiveCfg = Release|Any CPU
		{4E731264-E9AB-477C-84E2-66D3738599A9}.Release|Any CPU.Build.0 = Release|Any CPU
		{94987DBF-1824-4739-89CB-D3072FF21BEB}.Debug|Any CPU.ActiveCfg = Debug|Any CPU
		{94987DBF-1824-4739-89CB-D3072FF21BEB}.Debug|Any CPU.Build.0 = Debug|Any CPU
		{94987DBF-1824-4739-89CB-D3072FF21BEB}.Release|Any CPU.ActiveCfg = Release|Any CPU
		{94987DBF-1824-4739-89CB-D3072FF21BEB}.Release|Any CPU.Build.0 = Release|Any CPU
		{894A6104-2DC4-479C-96DF-0FA0E502969D}.Debug|Any CPU.ActiveCfg = Debug|Any CPU
		{894A6104-2DC4-479C-96DF-0FA0E502969D}.Debug|Any CPU.Build.0 = Debug|Any CPU
		{894A6104-2DC4-479C-96DF-0FA0E502969D}.Release|Any CPU.ActiveCfg = Release|Any CPU
		{894A6104-2DC4-479C-96DF-0FA0E502969D}.Release|Any CPU.Build.0 = Release|Any CPU
		{4C11CF40-D4CC-4A78-90FF-8470DF99FE57}.Debug|Any CPU.ActiveCfg = Debug|Any CPU
		{4C11CF40-D4CC-4A78-90FF-8470DF99FE57}.Debug|Any CPU.Build.0 = Debug|Any CPU
		{4C11CF40-D4CC-4A78-90FF-8470DF99FE57}.Release|Any CPU.ActiveCfg = Release|Any CPU
		{4C11CF40-D4CC-4A78-90FF-8470DF99FE57}.Release|Any CPU.Build.0 = Release|Any CPU
		{16059847-0D3C-4FDA-9FC2-559200F92A08}.Debug|Any CPU.ActiveCfg = Debug|Any CPU
		{16059847-0D3C-4FDA-9FC2-559200F92A08}.Debug|Any CPU.Build.0 = Debug|Any CPU
		{16059847-0D3C-4FDA-9FC2-559200F92A08}.Release|Any CPU.ActiveCfg = Release|Any CPU
		{16059847-0D3C-4FDA-9FC2-559200F92A08}.Release|Any CPU.Build.0 = Release|Any CPU
		{60BBC32E-705E-4CEE-B75D-7FDA23A1E250}.Debug|Any CPU.ActiveCfg = Debug|Any CPU
		{60BBC32E-705E-4CEE-B75D-7FDA23A1E250}.Debug|Any CPU.Build.0 = Debug|Any CPU
		{60BBC32E-705E-4CEE-B75D-7FDA23A1E250}.Release|Any CPU.ActiveCfg = Release|Any CPU
		{60BBC32E-705E-4CEE-B75D-7FDA23A1E250}.Release|Any CPU.Build.0 = Release|Any CPU
		{F10783AE-BE5E-4B0A-9F18-52C971AF375E}.Debug|Any CPU.ActiveCfg = Debug|Any CPU
		{F10783AE-BE5E-4B0A-9F18-52C971AF375E}.Debug|Any CPU.Build.0 = Debug|Any CPU
		{F10783AE-BE5E-4B0A-9F18-52C971AF375E}.Release|Any CPU.ActiveCfg = Release|Any CPU
		{F10783AE-BE5E-4B0A-9F18-52C971AF375E}.Release|Any CPU.Build.0 = Release|Any CPU
	EndGlobalSection
	GlobalSection(SolutionProperties) = preSolution
		HideSolutionNode = FALSE
	EndGlobalSection
	GlobalSection(ExtensibilityGlobals) = postSolution
		SolutionGuid = {9D5FF077-A23E-4F89-B38A-AF41B2DA582D}
	EndGlobalSection
EndGlobal
